// !$*UTF8*$!
{
	archiveVersion = 1;
	classes = {
	};
	objectVersion = 51;
	objects = {

/* Begin PBXBuildFile section */
		1087266CC2C9F5F46947346D /* libPods-instaclaireTests.a in Frameworks */ = {isa = PBXBuildFile; fileRef = 34D737A24C253EC106DD109C /* libPods-instaclaireTests.a */; };
		4D69E1B779C23F270116C148 /* libPods-instaclaireUITests.a in Frameworks */ = {isa = PBXBuildFile; fileRef = 40B08FF4341D7BEFF355F12D /* libPods-instaclaireUITests.a */; };
		F9C397959439621E8F05C3A2 /* libPods-instaclaire.a in Frameworks */ = {isa = PBXBuildFile; fileRef = 57FE5EB0ED936EAFBC70C79B /* libPods-instaclaire.a */; };
		FE3F6E7C22D3FB1900EAB7F7 /* AppDelegate.m in Sources */ = {isa = PBXBuildFile; fileRef = FE3F6E7B22D3FB1900EAB7F7 /* AppDelegate.m */; };
		FE3F6E8222D3FB1900EAB7F7 /* Main.storyboard in Resources */ = {isa = PBXBuildFile; fileRef = FE3F6E8022D3FB1900EAB7F7 /* Main.storyboard */; };
		FE3F6E8422D3FB1A00EAB7F7 /* Assets.xcassets in Resources */ = {isa = PBXBuildFile; fileRef = FE3F6E8322D3FB1A00EAB7F7 /* Assets.xcassets */; };
		FE3F6E8722D3FB1A00EAB7F7 /* LaunchScreen.storyboard in Resources */ = {isa = PBXBuildFile; fileRef = FE3F6E8522D3FB1A00EAB7F7 /* LaunchScreen.storyboard */; };
		FE3F6E8A22D3FB1A00EAB7F7 /* main.m in Sources */ = {isa = PBXBuildFile; fileRef = FE3F6E8922D3FB1A00EAB7F7 /* main.m */; };
		FE3F6E9422D3FB1A00EAB7F7 /* instaclaireTests.m in Sources */ = {isa = PBXBuildFile; fileRef = FE3F6E9322D3FB1A00EAB7F7 /* instaclaireTests.m */; };
		FE3F6E9F22D3FB1A00EAB7F7 /* instaclaireUITests.m in Sources */ = {isa = PBXBuildFile; fileRef = FE3F6E9E22D3FB1A00EAB7F7 /* instaclaireUITests.m */; };
		FE59789722D52044001D5B4C /* FeedViewController.m in Sources */ = {isa = PBXBuildFile; fileRef = FE59789622D52044001D5B4C /* FeedViewController.m */; };
		FE59789A22D540CE001D5B4C /* PostCell.m in Sources */ = {isa = PBXBuildFile; fileRef = FE59789922D540CE001D5B4C /* PostCell.m */; };
		FE5978A322D54589001D5B4C /* Post.m in Sources */ = {isa = PBXBuildFile; fileRef = FE5978A222D54589001D5B4C /* Post.m */; };
		FE7A1FE622D402CF009146E0 /* LoginViewController.m in Sources */ = {isa = PBXBuildFile; fileRef = FE7A1FE522D402CF009146E0 /* LoginViewController.m */; };
		FE7A1FE922D41874009146E0 /* SignUpViewController.m in Sources */ = {isa = PBXBuildFile; fileRef = FE7A1FE822D41874009146E0 /* SignUpViewController.m */; };
/* End PBXBuildFile section */

/* Begin PBXContainerItemProxy section */
		FE3F6E9022D3FB1A00EAB7F7 /* PBXContainerItemProxy */ = {
			isa = PBXContainerItemProxy;
			containerPortal = FE3F6E6F22D3FB1900EAB7F7 /* Project object */;
			proxyType = 1;
			remoteGlobalIDString = FE3F6E7622D3FB1900EAB7F7;
			remoteInfo = instaclaire;
		};
		FE3F6E9B22D3FB1A00EAB7F7 /* PBXContainerItemProxy */ = {
			isa = PBXContainerItemProxy;
			containerPortal = FE3F6E6F22D3FB1900EAB7F7 /* Project object */;
			proxyType = 1;
			remoteGlobalIDString = FE3F6E7622D3FB1900EAB7F7;
			remoteInfo = instaclaire;
		};
/* End PBXContainerItemProxy section */

/* Begin PBXFileReference section */
		312FF8F390DF57A319BE80E7 /* Pods-instaclaire.release.xcconfig */ = {isa = PBXFileReference; includeInIndex = 1; lastKnownFileType = text.xcconfig; name = "Pods-instaclaire.release.xcconfig"; path = "Target Support Files/Pods-instaclaire/Pods-instaclaire.release.xcconfig"; sourceTree = "<group>"; };
		34D737A24C253EC106DD109C /* libPods-instaclaireTests.a */ = {isa = PBXFileReference; explicitFileType = archive.ar; includeInIndex = 0; path = "libPods-instaclaireTests.a"; sourceTree = BUILT_PRODUCTS_DIR; };
		40B08FF4341D7BEFF355F12D /* libPods-instaclaireUITests.a */ = {isa = PBXFileReference; explicitFileType = archive.ar; includeInIndex = 0; path = "libPods-instaclaireUITests.a"; sourceTree = BUILT_PRODUCTS_DIR; };
		4E5F39FDB7A1D97A5A30C192 /* Pods-instaclaireUITests.debug.xcconfig */ = {isa = PBXFileReference; includeInIndex = 1; lastKnownFileType = text.xcconfig; name = "Pods-instaclaireUITests.debug.xcconfig"; path = "Target Support Files/Pods-instaclaireUITests/Pods-instaclaireUITests.debug.xcconfig"; sourceTree = "<group>"; };
		57FE5EB0ED936EAFBC70C79B /* libPods-instaclaire.a */ = {isa = PBXFileReference; explicitFileType = archive.ar; includeInIndex = 0; path = "libPods-instaclaire.a"; sourceTree = BUILT_PRODUCTS_DIR; };
		63F2AC8CB73795490837F108 /* Pods-instaclaire.debug.xcconfig */ = {isa = PBXFileReference; includeInIndex = 1; lastKnownFileType = text.xcconfig; name = "Pods-instaclaire.debug.xcconfig"; path = "Target Support Files/Pods-instaclaire/Pods-instaclaire.debug.xcconfig"; sourceTree = "<group>"; };
		9C6132208BE13049891B960D /* Pods-instaclaireUITests.release.xcconfig */ = {isa = PBXFileReference; includeInIndex = 1; lastKnownFileType = text.xcconfig; name = "Pods-instaclaireUITests.release.xcconfig"; path = "Target Support Files/Pods-instaclaireUITests/Pods-instaclaireUITests.release.xcconfig"; sourceTree = "<group>"; };
		D8B4B70196ADDAF476E6497F /* Pods-instaclaireTests.debug.xcconfig */ = {isa = PBXFileReference; includeInIndex = 1; lastKnownFileType = text.xcconfig; name = "Pods-instaclaireTests.debug.xcconfig"; path = "Target Support Files/Pods-instaclaireTests/Pods-instaclaireTests.debug.xcconfig"; sourceTree = "<group>"; };
		EBBCAC3F7ABED78ED08E5463 /* Pods-instaclaireTests.release.xcconfig */ = {isa = PBXFileReference; includeInIndex = 1; lastKnownFileType = text.xcconfig; name = "Pods-instaclaireTests.release.xcconfig"; path = "Target Support Files/Pods-instaclaireTests/Pods-instaclaireTests.release.xcconfig"; sourceTree = "<group>"; };
		FE3F6E7722D3FB1900EAB7F7 /* instaclaire.app */ = {isa = PBXFileReference; explicitFileType = wrapper.application; includeInIndex = 0; path = instaclaire.app; sourceTree = BUILT_PRODUCTS_DIR; };
		FE3F6E7A22D3FB1900EAB7F7 /* AppDelegate.h */ = {isa = PBXFileReference; lastKnownFileType = sourcecode.c.h; path = AppDelegate.h; sourceTree = "<group>"; };
		FE3F6E7B22D3FB1900EAB7F7 /* AppDelegate.m */ = {isa = PBXFileReference; lastKnownFileType = sourcecode.c.objc; path = AppDelegate.m; sourceTree = "<group>"; };
		FE3F6E8122D3FB1900EAB7F7 /* Base */ = {isa = PBXFileReference; lastKnownFileType = file.storyboard; name = Base; path = Base.lproj/Main.storyboard; sourceTree = "<group>"; };
		FE3F6E8322D3FB1A00EAB7F7 /* Assets.xcassets */ = {isa = PBXFileReference; lastKnownFileType = folder.assetcatalog; path = Assets.xcassets; sourceTree = "<group>"; };
		FE3F6E8622D3FB1A00EAB7F7 /* Base */ = {isa = PBXFileReference; lastKnownFileType = file.storyboard; name = Base; path = Base.lproj/LaunchScreen.storyboard; sourceTree = "<group>"; };
		FE3F6E8822D3FB1A00EAB7F7 /* Info.plist */ = {isa = PBXFileReference; lastKnownFileType = text.plist.xml; path = Info.plist; sourceTree = "<group>"; };
		FE3F6E8922D3FB1A00EAB7F7 /* main.m */ = {isa = PBXFileReference; lastKnownFileType = sourcecode.c.objc; path = main.m; sourceTree = "<group>"; };
		FE3F6E8F22D3FB1A00EAB7F7 /* instaclaireTests.xctest */ = {isa = PBXFileReference; explicitFileType = wrapper.cfbundle; includeInIndex = 0; path = instaclaireTests.xctest; sourceTree = BUILT_PRODUCTS_DIR; };
		FE3F6E9322D3FB1A00EAB7F7 /* instaclaireTests.m */ = {isa = PBXFileReference; lastKnownFileType = sourcecode.c.objc; path = instaclaireTests.m; sourceTree = "<group>"; };
		FE3F6E9522D3FB1A00EAB7F7 /* Info.plist */ = {isa = PBXFileReference; lastKnownFileType = text.plist.xml; path = Info.plist; sourceTree = "<group>"; };
		FE3F6E9A22D3FB1A00EAB7F7 /* instaclaireUITests.xctest */ = {isa = PBXFileReference; explicitFileType = wrapper.cfbundle; includeInIndex = 0; path = instaclaireUITests.xctest; sourceTree = BUILT_PRODUCTS_DIR; };
		FE3F6E9E22D3FB1A00EAB7F7 /* instaclaireUITests.m */ = {isa = PBXFileReference; lastKnownFileType = sourcecode.c.objc; path = instaclaireUITests.m; sourceTree = "<group>"; };
		FE3F6EA022D3FB1A00EAB7F7 /* Info.plist */ = {isa = PBXFileReference; lastKnownFileType = text.plist.xml; path = Info.plist; sourceTree = "<group>"; };
		FE59789522D52044001D5B4C /* FeedViewController.h */ = {isa = PBXFileReference; lastKnownFileType = sourcecode.c.h; path = FeedViewController.h; sourceTree = "<group>"; };
		FE59789622D52044001D5B4C /* FeedViewController.m */ = {isa = PBXFileReference; lastKnownFileType = sourcecode.c.objc; path = FeedViewController.m; sourceTree = "<group>"; };
		FE59789822D540CE001D5B4C /* PostCell.h */ = {isa = PBXFileReference; lastKnownFileType = sourcecode.c.h; path = PostCell.h; sourceTree = "<group>"; };
		FE59789922D540CE001D5B4C /* PostCell.m */ = {isa = PBXFileReference; lastKnownFileType = sourcecode.c.objc; path = PostCell.m; sourceTree = "<group>"; };
		FE5978A122D54589001D5B4C /* Post.h */ = {isa = PBXFileReference; lastKnownFileType = sourcecode.c.h; path = Post.h; sourceTree = "<group>"; };
		FE5978A222D54589001D5B4C /* Post.m */ = {isa = PBXFileReference; lastKnownFileType = sourcecode.c.objc; path = Post.m; sourceTree = "<group>"; };
		FE7A1FE422D402CF009146E0 /* LoginViewController.h */ = {isa = PBXFileReference; lastKnownFileType = sourcecode.c.h; path = LoginViewController.h; sourceTree = "<group>"; };
		FE7A1FE522D402CF009146E0 /* LoginViewController.m */ = {isa = PBXFileReference; lastKnownFileType = sourcecode.c.objc; path = LoginViewController.m; sourceTree = "<group>"; };
		FE7A1FE722D41874009146E0 /* SignUpViewController.h */ = {isa = PBXFileReference; lastKnownFileType = sourcecode.c.h; path = SignUpViewController.h; sourceTree = "<group>"; };
		FE7A1FE822D41874009146E0 /* SignUpViewController.m */ = {isa = PBXFileReference; lastKnownFileType = sourcecode.c.objc; path = SignUpViewController.m; sourceTree = "<group>"; };
/* End PBXFileReference section */

/* Begin PBXFrameworksBuildPhase section */
		FE3F6E7422D3FB1900EAB7F7 /* Frameworks */ = {
			isa = PBXFrameworksBuildPhase;
			buildActionMask = 2147483647;
			files = (
				F9C397959439621E8F05C3A2 /* libPods-instaclaire.a in Frameworks */,
			);
			runOnlyForDeploymentPostprocessing = 0;
		};
		FE3F6E8C22D3FB1A00EAB7F7 /* Frameworks */ = {
			isa = PBXFrameworksBuildPhase;
			buildActionMask = 2147483647;
			files = (
				1087266CC2C9F5F46947346D /* libPods-instaclaireTests.a in Frameworks */,
			);
			runOnlyForDeploymentPostprocessing = 0;
		};
		FE3F6E9722D3FB1A00EAB7F7 /* Frameworks */ = {
			isa = PBXFrameworksBuildPhase;
			buildActionMask = 2147483647;
			files = (
				4D69E1B779C23F270116C148 /* libPods-instaclaireUITests.a in Frameworks */,
			);
			runOnlyForDeploymentPostprocessing = 0;
		};
/* End PBXFrameworksBuildPhase section */

/* Begin PBXGroup section */
		21775A8C3B2AC3E0466D6484 /* Pods */ = {
			isa = PBXGroup;
			children = (
				63F2AC8CB73795490837F108 /* Pods-instaclaire.debug.xcconfig */,
				312FF8F390DF57A319BE80E7 /* Pods-instaclaire.release.xcconfig */,
				D8B4B70196ADDAF476E6497F /* Pods-instaclaireTests.debug.xcconfig */,
				EBBCAC3F7ABED78ED08E5463 /* Pods-instaclaireTests.release.xcconfig */,
				4E5F39FDB7A1D97A5A30C192 /* Pods-instaclaireUITests.debug.xcconfig */,
				9C6132208BE13049891B960D /* Pods-instaclaireUITests.release.xcconfig */,
			);
			path = Pods;
			sourceTree = "<group>";
		};
		C770269CFCA0810D4615AB8F /* Frameworks */ = {
			isa = PBXGroup;
			children = (
				57FE5EB0ED936EAFBC70C79B /* libPods-instaclaire.a */,
				34D737A24C253EC106DD109C /* libPods-instaclaireTests.a */,
				40B08FF4341D7BEFF355F12D /* libPods-instaclaireUITests.a */,
			);
			name = Frameworks;
			sourceTree = "<group>";
		};
		FE3F6E6E22D3FB1900EAB7F7 = {
			isa = PBXGroup;
			children = (
				FE3F6E7922D3FB1900EAB7F7 /* instaclaire */,
				FE3F6E9222D3FB1A00EAB7F7 /* instaclaireTests */,
				FE3F6E9D22D3FB1A00EAB7F7 /* instaclaireUITests */,
				FE3F6E7822D3FB1900EAB7F7 /* Products */,
				21775A8C3B2AC3E0466D6484 /* Pods */,
				C770269CFCA0810D4615AB8F /* Frameworks */,
			);
			sourceTree = "<group>";
		};
		FE3F6E7822D3FB1900EAB7F7 /* Products */ = {
			isa = PBXGroup;
			children = (
				FE3F6E7722D3FB1900EAB7F7 /* instaclaire.app */,
				FE3F6E8F22D3FB1A00EAB7F7 /* instaclaireTests.xctest */,
				FE3F6E9A22D3FB1A00EAB7F7 /* instaclaireUITests.xctest */,
			);
			name = Products;
			sourceTree = "<group>";
		};
		FE3F6E7922D3FB1900EAB7F7 /* instaclaire */ = {
			isa = PBXGroup;
			children = (
				FE3F6E7A22D3FB1900EAB7F7 /* AppDelegate.h */,
				FE3F6E7B22D3FB1900EAB7F7 /* AppDelegate.m */,
				FE3F6E8022D3FB1900EAB7F7 /* Main.storyboard */,
				FE59789822D540CE001D5B4C /* PostCell.h */,
				FE59789922D540CE001D5B4C /* PostCell.m */,
				FE3F6E8322D3FB1A00EAB7F7 /* Assets.xcassets */,
				FE3F6E8522D3FB1A00EAB7F7 /* LaunchScreen.storyboard */,
				FE3F6E8822D3FB1A00EAB7F7 /* Info.plist */,
				FE3F6E8922D3FB1A00EAB7F7 /* main.m */,
				FE7A1FE422D402CF009146E0 /* LoginViewController.h */,
				FE7A1FE522D402CF009146E0 /* LoginViewController.m */,
				FE7A1FE722D41874009146E0 /* SignUpViewController.h */,
				FE7A1FE822D41874009146E0 /* SignUpViewController.m */,
				FE59789522D52044001D5B4C /* FeedViewController.h */,
				FE59789622D52044001D5B4C /* FeedViewController.m */,
				FE5978A122D54589001D5B4C /* Post.h */,
				FE5978A222D54589001D5B4C /* Post.m */,
			);
			path = instaclaire;
			sourceTree = "<group>";
		};
		FE3F6E9222D3FB1A00EAB7F7 /* instaclaireTests */ = {
			isa = PBXGroup;
			children = (
				FE3F6E9322D3FB1A00EAB7F7 /* instaclaireTests.m */,
				FE3F6E9522D3FB1A00EAB7F7 /* Info.plist */,
			);
			path = instaclaireTests;
			sourceTree = "<group>";
		};
		FE3F6E9D22D3FB1A00EAB7F7 /* instaclaireUITests */ = {
			isa = PBXGroup;
			children = (
				FE3F6E9E22D3FB1A00EAB7F7 /* instaclaireUITests.m */,
				FE3F6EA022D3FB1A00EAB7F7 /* Info.plist */,
			);
			path = instaclaireUITests;
			sourceTree = "<group>";
		};
/* End PBXGroup section */

/* Begin PBXNativeTarget section */
		FE3F6E7622D3FB1900EAB7F7 /* instaclaire */ = {
			isa = PBXNativeTarget;
			buildConfigurationList = FE3F6EA322D3FB1A00EAB7F7 /* Build configuration list for PBXNativeTarget "instaclaire" */;
			buildPhases = (
				B363E83E4835E112DA6C1B42 /* [CP] Check Pods Manifest.lock */,
				FE3F6E7322D3FB1900EAB7F7 /* Sources */,
				FE3F6E7422D3FB1900EAB7F7 /* Frameworks */,
				FE3F6E7522D3FB1900EAB7F7 /* Resources */,
				79D5D3FB66ADFD9D3C8C0FF3 /* [CP] Copy Pods Resources */,
			);
			buildRules = (
			);
			dependencies = (
			);
			name = instaclaire;
			productName = instaclaire;
			productReference = FE3F6E7722D3FB1900EAB7F7 /* instaclaire.app */;
			productType = "com.apple.product-type.application";
		};
		FE3F6E8E22D3FB1A00EAB7F7 /* instaclaireTests */ = {
			isa = PBXNativeTarget;
			buildConfigurationList = FE3F6EA622D3FB1A00EAB7F7 /* Build configuration list for PBXNativeTarget "instaclaireTests" */;
			buildPhases = (
				5F9107DCC288D6CBB33F868C /* [CP] Check Pods Manifest.lock */,
				FE3F6E8B22D3FB1A00EAB7F7 /* Sources */,
				FE3F6E8C22D3FB1A00EAB7F7 /* Frameworks */,
				FE3F6E8D22D3FB1A00EAB7F7 /* Resources */,
			);
			buildRules = (
			);
			dependencies = (
				FE3F6E9122D3FB1A00EAB7F7 /* PBXTargetDependency */,
			);
			name = instaclaireTests;
			productName = instaclaireTests;
			productReference = FE3F6E8F22D3FB1A00EAB7F7 /* instaclaireTests.xctest */;
			productType = "com.apple.product-type.bundle.unit-test";
		};
		FE3F6E9922D3FB1A00EAB7F7 /* instaclaireUITests */ = {
			isa = PBXNativeTarget;
			buildConfigurationList = FE3F6EA922D3FB1A00EAB7F7 /* Build configuration list for PBXNativeTarget "instaclaireUITests" */;
			buildPhases = (
				757C4B6BE9AAF7965578055F /* [CP] Check Pods Manifest.lock */,
				FE3F6E9622D3FB1A00EAB7F7 /* Sources */,
				FE3F6E9722D3FB1A00EAB7F7 /* Frameworks */,
				FE3F6E9822D3FB1A00EAB7F7 /* Resources */,
			);
			buildRules = (
			);
			dependencies = (
				FE3F6E9C22D3FB1A00EAB7F7 /* PBXTargetDependency */,
			);
			name = instaclaireUITests;
			productName = instaclaireUITests;
			productReference = FE3F6E9A22D3FB1A00EAB7F7 /* instaclaireUITests.xctest */;
			productType = "com.apple.product-type.bundle.ui-testing";
		};
/* End PBXNativeTarget section */

/* Begin PBXProject section */
		FE3F6E6F22D3FB1900EAB7F7 /* Project object */ = {
			isa = PBXProject;
			attributes = {
				LastUpgradeCheck = 1020;
				ORGANIZATIONNAME = codepath;
				TargetAttributes = {
					FE3F6E7622D3FB1900EAB7F7 = {
						CreatedOnToolsVersion = 10.2.1;
					};
					FE3F6E8E22D3FB1A00EAB7F7 = {
						CreatedOnToolsVersion = 10.2.1;
						TestTargetID = FE3F6E7622D3FB1900EAB7F7;
					};
					FE3F6E9922D3FB1A00EAB7F7 = {
						CreatedOnToolsVersion = 10.2.1;
						TestTargetID = FE3F6E7622D3FB1900EAB7F7;
					};
				};
			};
			buildConfigurationList = FE3F6E7222D3FB1900EAB7F7 /* Build configuration list for PBXProject "instaclaire" */;
			compatibilityVersion = "Xcode 9.3";
			developmentRegion = en;
			hasScannedForEncodings = 0;
			knownRegions = (
				en,
				Base,
			);
			mainGroup = FE3F6E6E22D3FB1900EAB7F7;
			productRefGroup = FE3F6E7822D3FB1900EAB7F7 /* Products */;
			projectDirPath = "";
			projectRoot = "";
			targets = (
				FE3F6E7622D3FB1900EAB7F7 /* instaclaire */,
				FE3F6E8E22D3FB1A00EAB7F7 /* instaclaireTests */,
				FE3F6E9922D3FB1A00EAB7F7 /* instaclaireUITests */,
			);
		};
/* End PBXProject section */

/* Begin PBXResourcesBuildPhase section */
		FE3F6E7522D3FB1900EAB7F7 /* Resources */ = {
			isa = PBXResourcesBuildPhase;
			buildActionMask = 2147483647;
			files = (
				FE3F6E8722D3FB1A00EAB7F7 /* LaunchScreen.storyboard in Resources */,
				FE3F6E8422D3FB1A00EAB7F7 /* Assets.xcassets in Resources */,
				FE3F6E8222D3FB1900EAB7F7 /* Main.storyboard in Resources */,
			);
			runOnlyForDeploymentPostprocessing = 0;
		};
		FE3F6E8D22D3FB1A00EAB7F7 /* Resources */ = {
			isa = PBXResourcesBuildPhase;
			buildActionMask = 2147483647;
			files = (
			);
			runOnlyForDeploymentPostprocessing = 0;
		};
		FE3F6E9822D3FB1A00EAB7F7 /* Resources */ = {
			isa = PBXResourcesBuildPhase;
			buildActionMask = 2147483647;
			files = (
			);
			runOnlyForDeploymentPostprocessing = 0;
		};
/* End PBXResourcesBuildPhase section */

/* Begin PBXShellScriptBuildPhase section */
		5F9107DCC288D6CBB33F868C /* [CP] Check Pods Manifest.lock */ = {
			isa = PBXShellScriptBuildPhase;
			buildActionMask = 2147483647;
			files = (
			);
			inputFileListPaths = (
			);
			inputPaths = (
				"${PODS_PODFILE_DIR_PATH}/Podfile.lock",
				"${PODS_ROOT}/Manifest.lock",
			);
			name = "[CP] Check Pods Manifest.lock";
			outputFileListPaths = (
			);
			outputPaths = (
				"$(DERIVED_FILE_DIR)/Pods-instaclaireTests-checkManifestLockResult.txt",
			);
			runOnlyForDeploymentPostprocessing = 0;
			shellPath = /bin/sh;
			shellScript = "diff \"${PODS_PODFILE_DIR_PATH}/Podfile.lock\" \"${PODS_ROOT}/Manifest.lock\" > /dev/null\nif [ $? != 0 ] ; then\n    # print error to STDERR\n    echo \"error: The sandbox is not in sync with the Podfile.lock. Run 'pod install' or update your CocoaPods installation.\" >&2\n    exit 1\nfi\n# This output is used by Xcode 'outputs' to avoid re-running this script phase.\necho \"SUCCESS\" > \"${SCRIPT_OUTPUT_FILE_0}\"\n";
			showEnvVarsInLog = 0;
		};
		757C4B6BE9AAF7965578055F /* [CP] Check Pods Manifest.lock */ = {
			isa = PBXShellScriptBuildPhase;
			buildActionMask = 2147483647;
			files = (
			);
			inputFileListPaths = (
			);
			inputPaths = (
				"${PODS_PODFILE_DIR_PATH}/Podfile.lock",
				"${PODS_ROOT}/Manifest.lock",
			);
			name = "[CP] Check Pods Manifest.lock";
			outputFileListPaths = (
			);
			outputPaths = (
				"$(DERIVED_FILE_DIR)/Pods-instaclaireUITests-checkManifestLockResult.txt",
			);
			runOnlyForDeploymentPostprocessing = 0;
			shellPath = /bin/sh;
			shellScript = "diff \"${PODS_PODFILE_DIR_PATH}/Podfile.lock\" \"${PODS_ROOT}/Manifest.lock\" > /dev/null\nif [ $? != 0 ] ; then\n    # print error to STDERR\n    echo \"error: The sandbox is not in sync with the Podfile.lock. Run 'pod install' or update your CocoaPods installation.\" >&2\n    exit 1\nfi\n# This output is used by Xcode 'outputs' to avoid re-running this script phase.\necho \"SUCCESS\" > \"${SCRIPT_OUTPUT_FILE_0}\"\n";
			showEnvVarsInLog = 0;
		};
		79D5D3FB66ADFD9D3C8C0FF3 /* [CP] Copy Pods Resources */ = {
			isa = PBXShellScriptBuildPhase;
			buildActionMask = 2147483647;
			files = (
			);
			inputFileListPaths = (
				"${PODS_ROOT}/Target Support Files/Pods-instaclaire/Pods-instaclaire-resources-${CONFIGURATION}-input-files.xcfilelist",
			);
			name = "[CP] Copy Pods Resources";
			outputFileListPaths = (
				"${PODS_ROOT}/Target Support Files/Pods-instaclaire/Pods-instaclaire-resources-${CONFIGURATION}-output-files.xcfilelist",
			);
			runOnlyForDeploymentPostprocessing = 0;
			shellPath = /bin/sh;
			shellScript = "\"${PODS_ROOT}/Target Support Files/Pods-instaclaire/Pods-instaclaire-resources.sh\"\n";
			showEnvVarsInLog = 0;
		};
		B363E83E4835E112DA6C1B42 /* [CP] Check Pods Manifest.lock */ = {
			isa = PBXShellScriptBuildPhase;
			buildActionMask = 2147483647;
			files = (
			);
			inputFileListPaths = (
			);
			inputPaths = (
				"${PODS_PODFILE_DIR_PATH}/Podfile.lock",
				"${PODS_ROOT}/Manifest.lock",
			);
			name = "[CP] Check Pods Manifest.lock";
			outputFileListPaths = (
			);
			outputPaths = (
				"$(DERIVED_FILE_DIR)/Pods-instaclaire-checkManifestLockResult.txt",
			);
			runOnlyForDeploymentPostprocessing = 0;
			shellPath = /bin/sh;
			shellScript = "diff \"${PODS_PODFILE_DIR_PATH}/Podfile.lock\" \"${PODS_ROOT}/Manifest.lock\" > /dev/null\nif [ $? != 0 ] ; then\n    # print error to STDERR\n    echo \"error: The sandbox is not in sync with the Podfile.lock. Run 'pod install' or update your CocoaPods installation.\" >&2\n    exit 1\nfi\n# This output is used by Xcode 'outputs' to avoid re-running this script phase.\necho \"SUCCESS\" > \"${SCRIPT_OUTPUT_FILE_0}\"\n";
			showEnvVarsInLog = 0;
		};
/* End PBXShellScriptBuildPhase section */

/* Begin PBXSourcesBuildPhase section */
		FE3F6E7322D3FB1900EAB7F7 /* Sources */ = {
			isa = PBXSourcesBuildPhase;
			buildActionMask = 2147483647;
			files = (
				FE59789722D52044001D5B4C /* FeedViewController.m in Sources */,
				FE7A1FE622D402CF009146E0 /* LoginViewController.m in Sources */,
				FE3F6E8A22D3FB1A00EAB7F7 /* main.m in Sources */,
				FE7A1FE922D41874009146E0 /* SignUpViewController.m in Sources */,
				FE3F6E7C22D3FB1900EAB7F7 /* AppDelegate.m in Sources */,
				FE59789A22D540CE001D5B4C /* PostCell.m in Sources */,
				FE5978A322D54589001D5B4C /* Post.m in Sources */,
			);
			runOnlyForDeploymentPostprocessing = 0;
		};
		FE3F6E8B22D3FB1A00EAB7F7 /* Sources */ = {
			isa = PBXSourcesBuildPhase;
			buildActionMask = 2147483647;
			files = (
				FE3F6E9422D3FB1A00EAB7F7 /* instaclaireTests.m in Sources */,
			);
			runOnlyForDeploymentPostprocessing = 0;
		};
		FE3F6E9622D3FB1A00EAB7F7 /* Sources */ = {
			isa = PBXSourcesBuildPhase;
			buildActionMask = 2147483647;
			files = (
				FE3F6E9F22D3FB1A00EAB7F7 /* instaclaireUITests.m in Sources */,
			);
			runOnlyForDeploymentPostprocessing = 0;
		};
/* End PBXSourcesBuildPhase section */

/* Begin PBXTargetDependency section */
		FE3F6E9122D3FB1A00EAB7F7 /* PBXTargetDependency */ = {
			isa = PBXTargetDependency;
			target = FE3F6E7622D3FB1900EAB7F7 /* instaclaire */;
			targetProxy = FE3F6E9022D3FB1A00EAB7F7 /* PBXContainerItemProxy */;
		};
		FE3F6E9C22D3FB1A00EAB7F7 /* PBXTargetDependency */ = {
			isa = PBXTargetDependency;
			target = FE3F6E7622D3FB1900EAB7F7 /* instaclaire */;
			targetProxy = FE3F6E9B22D3FB1A00EAB7F7 /* PBXContainerItemProxy */;
		};
/* End PBXTargetDependency section */

/* Begin PBXVariantGroup section */
		FE3F6E8022D3FB1900EAB7F7 /* Main.storyboard */ = {
			isa = PBXVariantGroup;
			children = (
				FE3F6E8122D3FB1900EAB7F7 /* Base */,
			);
			name = Main.storyboard;
			sourceTree = "<group>";
		};
		FE3F6E8522D3FB1A00EAB7F7 /* LaunchScreen.storyboard */ = {
			isa = PBXVariantGroup;
			children = (
				FE3F6E8622D3FB1A00EAB7F7 /* Base */,
			);
			name = LaunchScreen.storyboard;
			sourceTree = "<group>";
		};
/* End PBXVariantGroup section */

/* Begin XCBuildConfiguration section */
		FE3F6EA122D3FB1A00EAB7F7 /* Debug */ = {
			isa = XCBuildConfiguration;
			buildSettings = {
				ALWAYS_SEARCH_USER_PATHS = NO;
				CLANG_ANALYZER_NONNULL = YES;
				CLANG_ANALYZER_NUMBER_OBJECT_CONVERSION = YES_AGGRESSIVE;
				CLANG_CXX_LANGUAGE_STANDARD = "gnu++14";
				CLANG_CXX_LIBRARY = "libc++";
				CLANG_ENABLE_MODULES = YES;
				CLANG_ENABLE_OBJC_ARC = YES;
				CLANG_ENABLE_OBJC_WEAK = YES;
				CLANG_WARN_BLOCK_CAPTURE_AUTORELEASING = YES;
				CLANG_WARN_BOOL_CONVERSION = YES;
				CLANG_WARN_COMMA = YES;
				CLANG_WARN_CONSTANT_CONVERSION = YES;
				CLANG_WARN_DEPRECATED_OBJC_IMPLEMENTATIONS = YES;
				CLANG_WARN_DIRECT_OBJC_ISA_USAGE = YES_ERROR;
				CLANG_WARN_DOCUMENTATION_COMMENTS = YES;
				CLANG_WARN_EMPTY_BODY = YES;
				CLANG_WARN_ENUM_CONVERSION = YES;
				CLANG_WARN_INFINITE_RECURSION = YES;
				CLANG_WARN_INT_CONVERSION = YES;
				CLANG_WARN_NON_LITERAL_NULL_CONVERSION = YES;
				CLANG_WARN_OBJC_IMPLICIT_RETAIN_SELF = YES;
				CLANG_WARN_OBJC_LITERAL_CONVERSION = YES;
				CLANG_WARN_OBJC_ROOT_CLASS = YES_ERROR;
				CLANG_WARN_RANGE_LOOP_ANALYSIS = YES;
				CLANG_WARN_STRICT_PROTOTYPES = YES;
				CLANG_WARN_SUSPICIOUS_MOVE = YES;
				CLANG_WARN_UNGUARDED_AVAILABILITY = YES_AGGRESSIVE;
				CLANG_WARN_UNREACHABLE_CODE = YES;
				CLANG_WARN__DUPLICATE_METHOD_MATCH = YES;
				CODE_SIGN_IDENTITY = "iPhone Developer";
				COPY_PHASE_STRIP = NO;
				DEBUG_INFORMATION_FORMAT = dwarf;
				ENABLE_STRICT_OBJC_MSGSEND = YES;
				ENABLE_TESTABILITY = YES;
				GCC_C_LANGUAGE_STANDARD = gnu11;
				GCC_DYNAMIC_NO_PIC = NO;
				GCC_NO_COMMON_BLOCKS = YES;
				GCC_OPTIMIZATION_LEVEL = 0;
				GCC_PREPROCESSOR_DEFINITIONS = (
					"DEBUG=1",
					"$(inherited)",
				);
				GCC_WARN_64_TO_32_BIT_CONVERSION = YES;
				GCC_WARN_ABOUT_RETURN_TYPE = YES_ERROR;
				GCC_WARN_UNDECLARED_SELECTOR = YES;
				GCC_WARN_UNINITIALIZED_AUTOS = YES_AGGRESSIVE;
				GCC_WARN_UNUSED_FUNCTION = YES;
				GCC_WARN_UNUSED_VARIABLE = YES;
				IPHONEOS_DEPLOYMENT_TARGET = 12.2;
				MTL_ENABLE_DEBUG_INFO = INCLUDE_SOURCE;
				MTL_FAST_MATH = YES;
				ONLY_ACTIVE_ARCH = YES;
				SDKROOT = iphoneos;
			};
			name = Debug;
		};
		FE3F6EA222D3FB1A00EAB7F7 /* Release */ = {
			isa = XCBuildConfiguration;
			buildSettings = {
				ALWAYS_SEARCH_USER_PATHS = NO;
				CLANG_ANALYZER_NONNULL = YES;
				CLANG_ANALYZER_NUMBER_OBJECT_CONVERSION = YES_AGGRESSIVE;
				CLANG_CXX_LANGUAGE_STANDARD = "gnu++14";
				CLANG_CXX_LIBRARY = "libc++";
				CLANG_ENABLE_MODULES = YES;
				CLANG_ENABLE_OBJC_ARC = YES;
				CLANG_ENABLE_OBJC_WEAK = YES;
				CLANG_WARN_BLOCK_CAPTURE_AUTORELEASING = YES;
				CLANG_WARN_BOOL_CONVERSION = YES;
				CLANG_WARN_COMMA = YES;
				CLANG_WARN_CONSTANT_CONVERSION = YES;
				CLANG_WARN_DEPRECATED_OBJC_IMPLEMENTATIONS = YES;
				CLANG_WARN_DIRECT_OBJC_ISA_USAGE = YES_ERROR;
				CLANG_WARN_DOCUMENTATION_COMMENTS = YES;
				CLANG_WARN_EMPTY_BODY = YES;
				CLANG_WARN_ENUM_CONVERSION = YES;
				CLANG_WARN_INFINITE_RECURSION = YES;
				CLANG_WARN_INT_CONVERSION = YES;
				CLANG_WARN_NON_LITERAL_NULL_CONVERSION = YES;
				CLANG_WARN_OBJC_IMPLICIT_RETAIN_SELF = YES;
				CLANG_WARN_OBJC_LITERAL_CONVERSION = YES;
				CLANG_WARN_OBJC_ROOT_CLASS = YES_ERROR;
				CLANG_WARN_RANGE_LOOP_ANALYSIS = YES;
				CLANG_WARN_STRICT_PROTOTYPES = YES;
				CLANG_WARN_SUSPICIOUS_MOVE = YES;
				CLANG_WARN_UNGUARDED_AVAILABILITY = YES_AGGRESSIVE;
				CLANG_WARN_UNREACHABLE_CODE = YES;
				CLANG_WARN__DUPLICATE_METHOD_MATCH = YES;
				CODE_SIGN_IDENTITY = "iPhone Developer";
				COPY_PHASE_STRIP = NO;
				DEBUG_INFORMATION_FORMAT = "dwarf-with-dsym";
				ENABLE_NS_ASSERTIONS = NO;
				ENABLE_STRICT_OBJC_MSGSEND = YES;
				GCC_C_LANGUAGE_STANDARD = gnu11;
				GCC_NO_COMMON_BLOCKS = YES;
				GCC_WARN_64_TO_32_BIT_CONVERSION = YES;
				GCC_WARN_ABOUT_RETURN_TYPE = YES_ERROR;
				GCC_WARN_UNDECLARED_SELECTOR = YES;
				GCC_WARN_UNINITIALIZED_AUTOS = YES_AGGRESSIVE;
				GCC_WARN_UNUSED_FUNCTION = YES;
				GCC_WARN_UNUSED_VARIABLE = YES;
				IPHONEOS_DEPLOYMENT_TARGET = 12.2;
				MTL_ENABLE_DEBUG_INFO = NO;
				MTL_FAST_MATH = YES;
				SDKROOT = iphoneos;
				VALIDATE_PRODUCT = YES;
			};
			name = Release;
		};
		FE3F6EA422D3FB1A00EAB7F7 /* Debug */ = {
			isa = XCBuildConfiguration;
			baseConfigurationReference = 63F2AC8CB73795490837F108 /* Pods-instaclaire.debug.xcconfig */;
			buildSettings = {
				ASSETCATALOG_COMPILER_APPICON_NAME = AppIcon;
				CODE_SIGN_STYLE = Automatic;
				DEVELOPMENT_TEAM = 92SQN6NSYW;
				INFOPLIST_FILE = instaclaire/Info.plist;
				LD_RUNPATH_SEARCH_PATHS = (
					"$(inherited)",
					"@executable_path/Frameworks",
				);
				PRODUCT_BUNDLE_IDENTIFIER = com.codepath.instaclaire;
				PRODUCT_NAME = "$(TARGET_NAME)";
				TARGETED_DEVICE_FAMILY = "1,2";
			};
			name = Debug;
		};
		FE3F6EA522D3FB1A00EAB7F7 /* Release */ = {
			isa = XCBuildConfiguration;
			baseConfigurationReference = 312FF8F390DF57A319BE80E7 /* Pods-instaclaire.release.xcconfig */;
			buildSettings = {
				ASSETCATALOG_COMPILER_APPICON_NAME = AppIcon;
				CODE_SIGN_STYLE = Automatic;
				DEVELOPMENT_TEAM = 92SQN6NSYW;
				INFOPLIST_FILE = instaclaire/Info.plist;
				LD_RUNPATH_SEARCH_PATHS = (
					"$(inherited)",
					"@executable_path/Frameworks",
				);
				PRODUCT_BUNDLE_IDENTIFIER = com.codepath.instaclaire;
				PRODUCT_NAME = "$(TARGET_NAME)";
				TARGETED_DEVICE_FAMILY = "1,2";
			};
			name = Release;
		};
		FE3F6EA722D3FB1A00EAB7F7 /* Debug */ = {
			isa = XCBuildConfiguration;
			baseConfigurationReference = D8B4B70196ADDAF476E6497F /* Pods-instaclaireTests.debug.xcconfig */;
			buildSettings = {
				BUNDLE_LOADER = "$(TEST_HOST)";
				CODE_SIGN_STYLE = Automatic;
				DEVELOPMENT_TEAM = 92SQN6NSYW;
				INFOPLIST_FILE = instaclaireTests/Info.plist;
				LD_RUNPATH_SEARCH_PATHS = (
					"$(inherited)",
					"@executable_path/Frameworks",
					"@loader_path/Frameworks",
				);
				PRODUCT_BUNDLE_IDENTIFIER = com.codepath.instaclaireTests;
				PRODUCT_NAME = "$(TARGET_NAME)";
				TARGETED_DEVICE_FAMILY = "1,2";
				TEST_HOST = "$(BUILT_PRODUCTS_DIR)/instaclaire.app/instaclaire";
			};
			name = Debug;
		};
		FE3F6EA822D3FB1A00EAB7F7 /* Release */ = {
			isa = XCBuildConfiguration;
			baseConfigurationReference = EBBCAC3F7ABED78ED08E5463 /* Pods-instaclaireTests.release.xcconfig */;
			buildSettings = {
				BUNDLE_LOADER = "$(TEST_HOST)";
				CODE_SIGN_STYLE = Automatic;
				DEVELOPMENT_TEAM = 92SQN6NSYW;
				INFOPLIST_FILE = instaclaireTests/Info.plist;
				LD_RUNPATH_SEARCH_PATHS = (
					"$(inherited)",
					"@executable_path/Frameworks",
					"@loader_path/Frameworks",
				);
				PRODUCT_BUNDLE_IDENTIFIER = com.codepath.instaclaireTests;
				PRODUCT_NAME = "$(TARGET_NAME)";
				TARGETED_DEVICE_FAMILY = "1,2";
				TEST_HOST = "$(BUILT_PRODUCTS_DIR)/instaclaire.app/instaclaire";
			};
			name = Release;
		};
		FE3F6EAA22D3FB1A00EAB7F7 /* Debug */ = {
			isa = XCBuildConfiguration;
			baseConfigurationReference = 4E5F39FDB7A1D97A5A30C192 /* Pods-instaclaireUITests.debug.xcconfig */;
			buildSettings = {
				CODE_SIGN_STYLE = Automatic;
				DEVELOPMENT_TEAM = 92SQN6NSYW;
				INFOPLIST_FILE = instaclaireUITests/Info.plist;
				LD_RUNPATH_SEARCH_PATHS = (
					"$(inherited)",
					"@executable_path/Frameworks",
					"@loader_path/Frameworks",
				);
				PRODUCT_BUNDLE_IDENTIFIER = com.codepath.instaclaireUITests;
				PRODUCT_NAME = "$(TARGET_NAME)";
				TARGETED_DEVICE_FAMILY = "1,2";
				TEST_TARGET_NAME = instaclaire;
			};
			name = Debug;
		};
		FE3F6EAB22D3FB1A00EAB7F7 /* Release */ = {
			isa = XCBuildConfiguration;
			baseConfigurationReference = 9C6132208BE13049891B960D /* Pods-instaclaireUITests.release.xcconfig */;
			buildSettings = {
				CODE_SIGN_STYLE = Automatic;
				DEVELOPMENT_TEAM = 92SQN6NSYW;
				INFOPLIST_FILE = instaclaireUITests/Info.plist;
				LD_RUNPATH_SEARCH_PATHS = (
					"$(inherited)",
					"@executable_path/Frameworks",
					"@loader_path/Frameworks",
				);
				PRODUCT_BUNDLE_IDENTIFIER = com.codepath.instaclaireUITests;
				PRODUCT_NAME = "$(TARGET_NAME)";
				TARGETED_DEVICE_FAMILY = "1,2";
				TEST_TARGET_NAME = instaclaire;
			};
			name = Release;
		};
/* End XCBuildConfiguration section */

/* Begin XCConfigurationList section */
		FE3F6E7222D3FB1900EAB7F7 /* Build configuration list for PBXProject "instaclaire" */ = {
			isa = XCConfigurationList;
			buildConfigurations = (
				FE3F6EA122D3FB1A00EAB7F7 /* Debug */,
				FE3F6EA222D3FB1A00EAB7F7 /* Release */,
			);
			defaultConfigurationIsVisible = 0;
			defaultConfigurationName = Release;
		};
		FE3F6EA322D3FB1A00EAB7F7 /* Build configuration list for PBXNativeTarget "instaclaire" */ = {
			isa = XCConfigurationList;
			buildConfigurations = (
				FE3F6EA422D3FB1A00EAB7F7 /* Debug */,
				FE3F6EA522D3FB1A00EAB7F7 /* Release */,
			);
			defaultConfigurationIsVisible = 0;
			defaultConfigurationName = Release;
		};
		FE3F6EA622D3FB1A00EAB7F7 /* Build configuration list for PBXNativeTarget "instaclaireTests" */ = {
			isa = XCConfigurationList;
			buildConfigurations = (
				FE3F6EA722D3FB1A00EAB7F7 /* Debug */,
				FE3F6EA822D3FB1A00EAB7F7 /* Release */,
			);
			defaultConfigurationIsVisible = 0;
			defaultConfigurationName = Release;
		};
		FE3F6EA922D3FB1A00EAB7F7 /* Build configuration list for PBXNativeTarget "instaclaireUITests" */ = {
			isa = XCConfigurationList;
			buildConfigurations = (
				FE3F6EAA22D3FB1A00EAB7F7 /* Debug */,
				FE3F6EAB22D3FB1A00EAB7F7 /* Release */,
			);
			defaultConfigurationIsVisible = 0;
			defaultConfigurationName = Release;
		};
/* End XCConfigurationList section */
	};
	rootObject = FE3F6E6F22D3FB1900EAB7F7 /* Project object */;
}
